
Microsoft Visual Studio Solution File, Format Version 12.00
# Visual Studio Version 16
VisualStudioVersion = 16.0.30002.166
MinimumVisualStudioVersion = 10.0.40219.1
Project("{FAE04EC0-301F-11D3-BF4B-00C04F79EFBC}") = "PartyScreenImprovements", "PartyScreenImprovements.csproj", "{25656FFD-E8FB-4ED4-A14C-2D780379F21E}"
EndProject
Global
	GlobalSection(SolutionConfigurationPlatforms) = preSolution
		Debug|Any CPU = Debug|Any CPU
		Release|Any CPU = Release|Any CPU
	EndGlobalSection
	GlobalSection(ProjectConfigurationPlatforms) = postSolution
		{25656FFD-E8FB-4ED4-A14C-2D780379F21E}.Debug|Any CPU.ActiveCfg = Debug|Any CPU
		{25656FFD-E8FB-4ED4-A14C-2D780379F21E}.Debug|Any CPU.Build.0 = Debug|Any CPU
		{25656FFD-E8FB-4ED4-A14C-2D780379F21E}.Release|Any CPU.ActiveCfg = Release|Any CPU
		{25656FFD-E8FB-4ED4-A14C-2D780379F21E}.Release|Any CPU.Build.0 = Release|Any CPU
	EndGlobalSection
	GlobalSection(SolutionProperties) = preSolution
		HideSolutionNode = FALSE
	EndGlobalSection
	GlobalSection(ExtensibilityGlobals) = postSolution
		SolutionGuid = {F8E9A2D3-F46B-480F-97AC-758C0F788F02}
	EndGlobalSection
EndGlobal
